
Microsoft Visual Studio Solution File, Format Version 12.00
# Visual Studio Version 17
VisualStudioVersion = 17.11.35222.181
MinimumVisualStudioVersion = 10.0.40219.1
Project("{8BC9CEB8-8B4A-11D0-8D11-00A0C91BC942}") = "24- Prject Library (1)", "24- Prject Library (1)\24- Prject Library (1).vcxproj", "{49C2BEE0-C5DD-4ACA-A9F0-6E59285ADBCA}"
EndProject
Global
	GlobalSection(SolutionConfigurationPlatforms) = preSolution
		Debug|x64 = Debug|x64
		Debug|x86 = Debug|x86
		Release|x64 = Release|x64
		Release|x86 = Release|x86
	EndGlobalSection
	GlobalSection(ProjectConfigurationPlatforms) = postSolution
		{49C2BEE0-C5DD-4ACA-A9F0-6E59285ADBCA}.Debug|x64.ActiveCfg = Debug|x64
		{49C2BEE0-C5DD-4ACA-A9F0-6E59285ADBCA}.Debug|x64.Build.0 = Debug|x64
		{49C2BEE0-C5DD-4ACA-A9F0-6E59285ADBCA}.Debug|x86.ActiveCfg = Debug|Win32
		{49C2BEE0-C5DD-4ACA-A9F0-6E59285ADBCA}.Debug|x86.Build.0 = Debug|Win32
		{49C2BEE0-C5DD-4ACA-A9F0-6E59285ADBCA}.Release|x64.ActiveCfg = Release|x64
		{49C2BEE0-C5DD-4ACA-A9F0-6E59285ADBCA}.Release|x64.Build.0 = Release|x64
		{49C2BEE0-C5DD-4ACA-A9F0-6E59285ADBCA}.Release|x86.ActiveCfg = Release|Win32
		{49C2BEE0-C5DD-4ACA-A9F0-6E59285ADBCA}.Release|x86.Build.0 = Release|Win32
	EndGlobalSection
	GlobalSection(SolutionProperties) = preSolution
		HideSolutionNode = FALSE
	EndGlobalSection
	GlobalSection(ExtensibilityGlobals) = postSolution
		SolutionGuid = {59554886-8649-4C2B-885A-3B2D5AB76014}
	EndGlobalSection
EndGlobal
